#MicroXplorer Configuration settings - do not modify
ADC2.Channel-0\#ChannelRegularConversion=ADC_CHANNEL_17
ADC2.Channel-1\#ChannelRegularConversion=ADC_CHANNEL_13
ADC2.CommonPathInternal=null|null|null|null
ADC2.ContinuousConvMode=ENABLE
ADC2.IPParameters=Rank-0\#ChannelRegularConversion,Channel-0\#ChannelRegularConversion,SamplingTime-0\#ChannelRegularConversion,OffsetNumber-0\#ChannelRegularConversion,NbrOfConversionFlag,NbrOfConversion,Rank-1\#ChannelRegularConversion,Channel-1\#ChannelRegularConversion,SamplingTime-1\#ChannelRegularConversion,OffsetNumber-1\#ChannelRegularConversion,ContinuousConvMode,OversamplingMode,RightBitShift,Ratio,CommonPathInternal
ADC2.NbrOfConversion=2
ADC2.NbrOfConversionFlag=1
ADC2.OffsetNumber-0\#ChannelRegularConversion=ADC_OFFSET_NONE
ADC2.OffsetNumber-1\#ChannelRegularConversion=ADC_OFFSET_NONE
ADC2.OversamplingMode=ENABLE
ADC2.Rank-0\#ChannelRegularConversion=1
ADC2.Rank-1\#ChannelRegularConversion=2
ADC2.Ratio=ADC_OVERSAMPLING_RATIO_256
ADC2.RightBitShift=ADC_RIGHTBITSHIFT_8
ADC2.SamplingTime-0\#ChannelRegularConversion=ADC_SAMPLETIME_2CYCLES_5
ADC2.SamplingTime-1\#ChannelRegularConversion=ADC_SAMPLETIME_2CYCLES_5
CAD.formats=
CAD.pinconfig=
CAD.provider=
Dma.ADC2.0.Direction=DMA_PERIPH_TO_MEMORY
Dma.ADC2.0.EventEnable=DISABLE
Dma.ADC2.0.Instance=DMA1_Channel1
Dma.ADC2.0.MemDataAlignment=DMA_MDATAALIGN_HALFWORD
Dma.ADC2.0.MemInc=DMA_MINC_ENABLE
Dma.ADC2.0.Mode=DMA_NORMAL
Dma.ADC2.0.PeriphDataAlignment=DMA_PDATAALIGN_HALFWORD
Dma.ADC2.0.PeriphInc=DMA_PINC_DISABLE
Dma.ADC2.0.Polarity=HAL_DMAMUX_REQ_GEN_RISING
Dma.ADC2.0.Priority=DMA_PRIORITY_LOW
Dma.ADC2.0.RequestNumber=1
Dma.ADC2.0.RequestParameters=Instance,Direction,PeriphInc,MemInc,PeriphDataAlignment,MemDataAlignment,Mode,Priority,SignalID,Polarity,RequestNumber,SyncSignalID,SyncPolarity,SyncEnable,EventEnable,SyncRequestNumber
Dma.ADC2.0.SignalID=NONE
Dma.ADC2.0.SyncEnable=DISABLE
Dma.ADC2.0.SyncPolarity=HAL_DMAMUX_SYNC_NO_EVENT
Dma.ADC2.0.SyncRequestNumber=1
Dma.ADC2.0.SyncSignalID=NONE
Dma.Request0=ADC2
Dma.RequestsNb=1
File.Version=6
GPIO.groupedBy=Group By Peripherals
I2C2.I2C_Speed_Mode=I2C_Fast
I2C2.IPParameters=Timing,I2C_Speed_Mode
I2C2.Timing=0x00E063FF
KeepUserPlacement=false
Mcu.CPN=STM32G431CBU3
Mcu.Family=STM32G4
Mcu.IP0=ADC2
Mcu.IP1=DMA
Mcu.IP10=USART3
Mcu.IP2=I2C2
Mcu.IP3=NVIC
Mcu.IP4=RCC
Mcu.IP5=SYS
Mcu.IP6=TIM2
Mcu.IP7=TIM15
Mcu.IP8=TIM16
Mcu.IP9=TIM17
Mcu.IPNb=11
Mcu.Name=STM32G431C(6-8-B)Ux
Mcu.Package=UFQFPN48
Mcu.Pin0=PF0-OSC_IN
Mcu.Pin1=PF1-OSC_OUT
Mcu.Pin10=PB12
Mcu.Pin11=PB13
Mcu.Pin12=PA8
Mcu.Pin13=PA9
Mcu.Pin14=PA13
Mcu.Pin15=PA14
Mcu.Pin16=PC10
Mcu.Pin17=PC11
Mcu.Pin18=VP_SYS_VS_Systick
Mcu.Pin19=VP_SYS_VS_DBSignals
Mcu.Pin2=PA4
Mcu.Pin20=VP_TIM2_VS_ClockSourceINT
Mcu.Pin21=VP_TIM15_VS_ClockSourceINT
Mcu.Pin22=VP_TIM16_VS_ClockSourceINT
Mcu.Pin23=VP_TIM17_VS_ClockSourceINT
Mcu.Pin3=PA5
Mcu.Pin4=PA7
Mcu.Pin5=PB0
Mcu.Pin6=PB1
Mcu.Pin7=PB2
Mcu.Pin8=PB10
Mcu.Pin9=PB11
Mcu.PinsNb=24
Mcu.ThirdPartyNb=0
Mcu.UserConstants=
Mcu.UserName=STM32G431CBUx
MxCube.Version=6.10.0
MxDb.Version=DB.6.0.100
NVIC.BusFault_IRQn=true\:0\:0\:false\:false\:false\:false\:false\:false
NVIC.DMA1_Channel1_IRQn=true\:0\:0\:false\:false\:true\:false\:true\:true
NVIC.DebugMonitor_IRQn=true\:0\:0\:false\:false\:false\:false\:false\:false
NVIC.ForceEnableDMAVector=true
NVIC.HardFault_IRQn=true\:0\:0\:false\:false\:false\:false\:false\:false
NVIC.I2C2_EV_IRQn=true\:0\:0\:false\:false\:true\:true\:true\:true
NVIC.MemoryManagement_IRQn=true\:0\:0\:false\:false\:false\:false\:false\:false
NVIC.NonMaskableInt_IRQn=true\:0\:0\:false\:false\:false\:false\:false\:false
NVIC.PendSV_IRQn=true\:0\:0\:false\:false\:false\:false\:false\:false
NVIC.PriorityGroup=NVIC_PRIORITYGROUP_4
NVIC.SVCall_IRQn=true\:0\:0\:false\:false\:false\:false\:false\:false
NVIC.SysTick_IRQn=true\:15\:0\:false\:false\:true\:false\:true\:false
NVIC.TIM1_BRK_TIM15_IRQn=true\:0\:0\:false\:false\:true\:true\:true\:true
NVIC.TIM1_UP_TIM16_IRQn=true\:0\:0\:false\:false\:true\:true\:true\:true
NVIC.TIM2_IRQn=true\:0\:0\:false\:false\:true\:true\:true\:true
NVIC.USART3_IRQn=true\:0\:0\:false\:false\:true\:true\:true\:true
NVIC.UsageFault_IRQn=true\:0\:0\:false\:false\:false\:false\:false\:false
PA13.Mode=Serial_Wire
PA13.Signal=SYS_JTMS-SWDIO
PA14.Mode=Serial_Wire
PA14.Signal=SYS_JTCK-SWCLK
PA4.GPIOParameters=GPIO_Label
PA4.GPIO_Label=V_SENSE
PA4.Locked=true
PA4.Mode=IN17-Single-Ended
PA4.Signal=ADC2_IN17
PA5.GPIOParameters=GPIO_Label
PA5.GPIO_Label=I_SENSE
PA5.Locked=true
PA5.Mode=IN13-Single-Ended
PA5.Signal=ADC2_IN13
PA7.GPIOParameters=GPIO_Label
PA7.GPIO_Label=ESC_SIG
PA7.Locked=true
PA7.Signal=S_TIM17_CH1
PA8.Locked=true
PA8.Mode=I2C
PA8.Signal=I2C2_SDA
PA9.Locked=true
PA9.Mode=I2C
PA9.Signal=I2C2_SCL
PB0.GPIOParameters=GPIO_Label
PB0.GPIO_Label=CELL1
PB0.Locked=true
PB0.Signal=GPIO_Input
PB1.GPIOParameters=GPIO_Label
PB1.GPIO_Label=CELL2
PB1.Locked=true
PB1.Signal=GPIO_Input
PB10.GPIOParameters=GPIO_Label
PB10.GPIO_Label=CELLAMP_CLK
PB10.Locked=true
PB10.Signal=S_TIM2_CH3
PB11.GPIOParameters=GPIO_Label
PB11.GPIO_Label=CELL4
PB11.Locked=true
PB11.Signal=GPIO_Input
PB12.GPIOParameters=GPIO_Label
PB12.GPIO_Label=CELL5
PB12.Locked=true
PB12.Signal=GPIO_Input
PB13.GPIOParameters=GPIO_Label
PB13.GPIO_Label=CELL6
PB13.Locked=true
PB13.Signal=GPIO_Input
PB2.GPIOParameters=GPIO_Label
PB2.GPIO_Label=CELL3
PB2.Locked=true
PB2.Signal=GPIO_Input
PC10.GPIOParameters=GPIO_Label
PC10.GPIO_Label=UARTA_TX
PC10.Locked=true
PC10.Mode=Asynchronous
PC10.Signal=USART3_TX
PC11.GPIOParameters=GPIO_Label
PC11.GPIO_Label=UARTA_RX
PC11.Locked=true
PC11.Mode=Asynchronous
PC11.Signal=USART3_RX
PF0-OSC_IN.Mode=HSE-External-Oscillator
PF0-OSC_IN.Signal=RCC_OSC_IN
PF1-OSC_OUT.Mode=HSE-External-Oscillator
PF1-OSC_OUT.Signal=RCC_OSC_OUT
PinOutPanel.RotationAngle=-180
ProjectManager.AskForMigrate=true
ProjectManager.BackupPrevious=false
ProjectManager.CompilerOptimize=6
ProjectManager.ComputerToolchain=false
ProjectManager.CoupleFile=false
ProjectManager.CustomerFirmwarePackage=
ProjectManager.DefaultFWLocation=true
ProjectManager.DeletePrevious=true
ProjectManager.DeviceId=STM32G431CBUx
ProjectManager.FirmwarePackage=STM32Cube FW_G4 V1.5.1
ProjectManager.FreePins=false
ProjectManager.HalAssertFull=false
ProjectManager.HeapSize=0x200
ProjectManager.KeepUserCode=true
ProjectManager.LastFirmware=true
ProjectManager.LibraryCopy=1
ProjectManager.MainLocation=Core/Src
ProjectManager.NoMain=false
ProjectManager.PreviousToolchain=STM32CubeIDE
ProjectManager.ProjectBuild=false
ProjectManager.ProjectFileName=v2.ioc
ProjectManager.ProjectName=v2
ProjectManager.ProjectStructure=
ProjectManager.RegisterCallBack=
ProjectManager.StackSize=0x400
ProjectManager.TargetToolchain=STM32CubeIDE
ProjectManager.ToolChainLocation=
ProjectManager.UAScriptAfterPath=
ProjectManager.UAScriptBeforePath=
ProjectManager.UnderRoot=true
ProjectManager.functionlistsort=1-SystemClock_Config-RCC-false-HAL-false,2-MX_GPIO_Init-GPIO-false-HAL-true,3-MX_DMA_Init-DMA-false-HAL-true,4-MX_USART3_UART_Init-USART3-false-HAL-true,5-MX_ADC2_Init-ADC2-false-HAL-true,6-MX_TIM17_Init-TIM17-false-HAL-true,7-MX_TIM16_Init-TIM16-false-HAL-true,8-MX_TIM3_Init-TIM3-false-HAL-true,8-MX_TIM15_Init-TIM15-false-HAL-true,9-MX_I2C2_Init-I2C2-false-HAL-true,10-MX_TIM2_Init-TIM2-false-HAL-true
RCC.ADC12Freq_Value=150000000
RCC.AHBFreq_Value=150000000
RCC.APB1Freq_Value=150000000
RCC.APB1TimFreq_Value=150000000
RCC.APB2Freq_Value=150000000
RCC.APB2TimFreq_Value=150000000
RCC.CK48CLockSelection=RCC_USBCLKSOURCE_HSI48
RCC.CRSFreq_Value=48000000
RCC.CortexFreq_Value=150000000
RCC.EXTERNAL_CLOCK_VALUE=12288000
RCC.FCLKCortexFreq_Value=150000000
RCC.FDCANFreq_Value=150000000
RCC.FamilyName=M
RCC.HCLKFreq_Value=150000000
RCC.HSE_VALUE=25000000
RCC.HSI48_VALUE=48000000
RCC.HSI_VALUE=16000000
RCC.I2C1Freq_Value=150000000
RCC.I2C2Freq_Value=150000000
RCC.I2C3Freq_Value=150000000
RCC.I2SFreq_Value=150000000
RCC.IPParameters=ADC12Freq_Value,AHBFreq_Value,APB1Freq_Value,APB1TimFreq_Value,APB2Freq_Value,APB2TimFreq_Value,CK48CLockSelection,CRSFreq_Value,CortexFreq_Value,EXTERNAL_CLOCK_VALUE,FCLKCortexFreq_Value,FDCANFreq_Value,FamilyName,HCLKFreq_Value,HSE_VALUE,HSI48_VALUE,HSI_VALUE,I2C1Freq_Value,I2C2Freq_Value,I2C3Freq_Value,I2SFreq_Value,LPTIM1Freq_Value,LPUART1Freq_Value,LSCOPinFreq_Value,LSE_VALUE,LSI_VALUE,MCO1PinFreq_Value,PLLM,PLLN,PLLPoutputFreq_Value,PLLQoutputFreq_Value,PLLRCLKFreq_Value,PLLSourceVirtual,PWRFreq_Value,RNGFreq_Value,SAI1Freq_Value,SYSCLKFreq_VALUE,SYSCLKSource,USART1Freq_Value,USART2CLockSelection,USART2Freq_Value,USART3CLockSelection,USART3Freq_Value,USBFreq_Value,VCOInputFreq_Value,VCOOutputFreq_Value
RCC.LPTIM1Freq_Value=150000000
RCC.LPUART1Freq_Value=150000000
RCC.LSCOPinFreq_Value=32000
RCC.LSE_VALUE=32768
RCC.LSI_VALUE=32000
RCC.MCO1PinFreq_Value=16000000
RCC.PLLM=RCC_PLLM_DIV2
RCC.PLLN=24
RCC.PLLPoutputFreq_Value=150000000
RCC.PLLQoutputFreq_Value=150000000
RCC.PLLRCLKFreq_Value=150000000
RCC.PLLSourceVirtual=RCC_PLLSOURCE_HSE
RCC.PWRFreq_Value=150000000
RCC.RNGFreq_Value=48000000
RCC.SAI1Freq_Value=150000000
RCC.SYSCLKFreq_VALUE=150000000
RCC.SYSCLKSource=RCC_SYSCLKSOURCE_PLLCLK
RCC.USART1Freq_Value=150000000
RCC.USART2CLockSelection=RCC_USART2CLKSOURCE_SYSCLK
RCC.USART2Freq_Value=150000000
RCC.USART3CLockSelection=RCC_USART3CLKSOURCE_SYSCLK
RCC.USART3Freq_Value=150000000
RCC.USBFreq_Value=48000000
RCC.VCOInputFreq_Value=12500000
RCC.VCOOutputFreq_Value=300000000
SH.S_TIM17_CH1.0=TIM17_CH1,PWM Generation1 CH1
SH.S_TIM17_CH1.ConfNb=1
SH.S_TIM2_CH3.0=TIM2_CH3,PWM Generation3 CH3
SH.S_TIM2_CH3.ConfNb=1
TIM15.IPParameters=Prescaler,PeriodNoDither
TIM15.PeriodNoDither=5000
TIM15.Prescaler=1500-1
TIM16.IPParameters=Prescaler,PeriodNoDither
TIM16.PeriodNoDither=5000-1
TIM16.Prescaler=15000-1
TIM17.Channel=TIM_CHANNEL_1
TIM17.IPParameters=Channel,Prescaler,PeriodNoDither,PulseNoDither_1
TIM17.PeriodNoDither=20000-1
TIM17.Prescaler=150-1
TIM17.PulseNoDither_1=1000
TIM2.Channel-PWM\ Generation3\ CH3=TIM_CHANNEL_3
TIM2.CounterMode=TIM_COUNTERMODE_DOWN
TIM2.IPParameters=Channel-PWM Generation3 CH3,Prescaler,PeriodNoDither,CounterMode,PulseNoDither_3
TIM2.PeriodNoDither=10
TIM2.Prescaler=150-1
TIM2.PulseNoDither_3=5
USART3.AutoBaudRateEnableParam=UART_ADVFEATURE_AUTOBAUDRATE_DISABLE
USART3.BaudRate=250000
USART3.IPParameters=VirtualMode-Asynchronous,AutoBaudRateEnableParam,BaudRate
USART3.VirtualMode-Asynchronous=VM_ASYNC
VP_SYS_VS_DBSignals.Mode=DisableDeadBatterySignals
VP_SYS_VS_DBSignals.Signal=SYS_VS_DBSignals
VP_SYS_VS_Systick.Mode=SysTick
VP_SYS_VS_Systick.Signal=SYS_VS_Systick
VP_TIM15_VS_ClockSourceINT.Mode=Internal
VP_TIM15_VS_ClockSourceINT.Signal=TIM15_VS_ClockSourceINT
VP_TIM16_VS_ClockSourceINT.Mode=Enable_Timer
VP_TIM16_VS_ClockSourceINT.Signal=TIM16_VS_ClockSourceINT
VP_TIM17_VS_ClockSourceINT.Mode=Enable_Timer
VP_TIM17_VS_ClockSourceINT.Signal=TIM17_VS_ClockSourceINT
VP_TIM2_VS_ClockSourceINT.Mode=Internal
VP_TIM2_VS_ClockSourceINT.Signal=TIM2_VS_ClockSourceINT
board=custom
isbadioc=false
